
Microsoft Visual Studio Solution File, Format Version 12.00
# Visual Studio 15
VisualStudioVersion = 15.0.28307.539
MinimumVisualStudioVersion = 10.0.40219.1
Project("{FAE04EC0-301F-11D3-BF4B-00C04F79EFBC}") = "ASP.NET Core API with Swagger", "ASP.NET Core API with Swagger\ASP.NET Core API with Swagger.csproj", "{3523815A-84E1-4807-B714-B1DB0750576D}"
EndProject
Global
	GlobalSection(SolutionConfigurationPlatforms) = preSolution
		Debug|Any CPU = Debug|Any CPU
		Release|Any CPU = Release|Any CPU
	EndGlobalSection
	GlobalSection(ProjectConfigurationPlatforms) = postSolution
		{3523815A-84E1-4807-B714-B1DB0750576D}.Debug|Any CPU.ActiveCfg = Debug|Any CPU
		{3523815A-84E1-4807-B714-B1DB0750576D}.Debug|Any CPU.Build.0 = Debug|Any CPU
		{3523815A-84E1-4807-B714-B1DB0750576D}.Release|Any CPU.ActiveCfg = Release|Any CPU
		{3523815A-84E1-4807-B714-B1DB0750576D}.Release|Any CPU.Build.0 = Release|Any CPU
	EndGlobalSection
	GlobalSection(SolutionProperties) = preSolution
		HideSolutionNode = FALSE
	EndGlobalSection
	GlobalSection(ExtensibilityGlobals) = postSolution
		SolutionGuid = {8117DB3D-71CE-4900-A5E0-11462FED2D74}
	EndGlobalSection
EndGlobal
